
Microsoft Visual Studio Solution File, Format Version 12.00
# Visual Studio Version 17
VisualStudioVersion = 17.14.36804.6
MinimumVisualStudioVersion = 10.0.40219.1
Project("{8BC9CEB8-8B4A-11D0-8D11-00A0C91BC942}") = "Client", "Client\Default\Client.vcxproj", "{E618A24A-118A-4344-9163-6E70572BE8F8}"
	ProjectSection(ProjectDependencies) = postProject
		{61F1E11A-5800-4C44-A981-D9378A8B9767} = {61F1E11A-5800-4C44-A981-D9378A8B9767}
	EndProjectSection
EndProject
Project("{8BC9CEB8-8B4A-11D0-8D11-00A0C91BC942}") = "Engine", "Engine\Default\Engine.vcxproj", "{61F1E11A-5800-4C44-A981-D9378A8B9767}"
EndProject
Project("{8BC9CEB8-8B4A-11D0-8D11-00A0C91BC942}") = "Editor", "Editor\Default\Editor.vcxproj", "{D0EC40A2-2BE8-4678-8CC2-FCE757CA780A}"
	ProjectSection(ProjectDependencies) = postProject
		{61F1E11A-5800-4C44-A981-D9378A8B9767} = {61F1E11A-5800-4C44-A981-D9378A8B9767}
	EndProjectSection
EndProject
Global
	GlobalSection(SolutionConfigurationPlatforms) = preSolution
		Debug|x64 = Debug|x64
		Debug|x86 = Debug|x86
		Release|x64 = Release|x64
		Release|x86 = Release|x86
	EndGlobalSection
	GlobalSection(ProjectConfigurationPlatforms) = postSolution
		{E618A24A-118A-4344-9163-6E70572BE8F8}.Debug|x64.ActiveCfg = Debug|x64
		{E618A24A-118A-4344-9163-6E70572BE8F8}.Debug|x64.Build.0 = Debug|x64
		{E618A24A-118A-4344-9163-6E70572BE8F8}.Debug|x86.ActiveCfg = Debug|Win32
		{E618A24A-118A-4344-9163-6E70572BE8F8}.Debug|x86.Build.0 = Debug|Win32
		{E618A24A-118A-4344-9163-6E70572BE8F8}.Release|x64.ActiveCfg = Release|x64
		{E618A24A-118A-4344-9163-6E70572BE8F8}.Release|x64.Build.0 = Release|x64
		{E618A24A-118A-4344-9163-6E70572BE8F8}.Release|x86.ActiveCfg = Release|Win32
		{E618A24A-118A-4344-9163-6E70572BE8F8}.Release|x86.Build.0 = Release|Win32
		{61F1E11A-5800-4C44-A981-D9378A8B9767}.Debug|x64.ActiveCfg = Debug|x64
		{61F1E11A-5800-4C44-A981-D9378A8B9767}.Debug|x64.Build.0 = Debug|x64
		{61F1E11A-5800-4C44-A981-D9378A8B9767}.Debug|x86.ActiveCfg = Debug|Win32
		{61F1E11A-5800-4C44-A981-D9378A8B9767}.Debug|x86.Build.0 = Debug|Win32
		{61F1E11A-5800-4C44-A981-D9378A8B9767}.Release|x64.ActiveCfg = Release|x64
		{61F1E11A-5800-4C44-A981-D9378A8B9767}.Release|x64.Build.0 = Release|x64
		{61F1E11A-5800-4C44-A981-D9378A8B9767}.Release|x86.ActiveCfg = Release|Win32
		{61F1E11A-5800-4C44-A981-D9378A8B9767}.Release|x86.Build.0 = Release|Win32
		{D0EC40A2-2BE8-4678-8CC2-FCE757CA780A}.Debug|x64.ActiveCfg = Debug|x64
		{D0EC40A2-2BE8-4678-8CC2-FCE757CA780A}.Debug|x64.Build.0 = Debug|x64
		{D0EC40A2-2BE8-4678-8CC2-FCE757CA780A}.Debug|x86.ActiveCfg = Debug|Win32
		{D0EC40A2-2BE8-4678-8CC2-FCE757CA780A}.Debug|x86.Build.0 = Debug|Win32
		{D0EC40A2-2BE8-4678-8CC2-FCE757CA780A}.Release|x64.ActiveCfg = Release|x64
		{D0EC40A2-2BE8-4678-8CC2-FCE757CA780A}.Release|x64.Build.0 = Release|x64
		{D0EC40A2-2BE8-4678-8CC2-FCE757CA780A}.Release|x86.ActiveCfg = Release|Win32
		{D0EC40A2-2BE8-4678-8CC2-FCE757CA780A}.Release|x86.Build.0 = Release|Win32
	EndGlobalSection
	GlobalSection(SolutionProperties) = preSolution
		HideSolutionNode = FALSE
	EndGlobalSection
	GlobalSection(ExtensibilityGlobals) = postSolution
		SolutionGuid = {AAC8665E-44B7-489C-9AAB-32A76E5A1339}
	EndGlobalSection
EndGlobal
