<?xml version="1.0" encoding="utf-8"?>
<Project ToolsVersion="4.0" xmlns="http://schemas.microsoft.com/developer/msbuild/2003">
  <ItemGroup>
    <Filter Include="97. ThirdParty">
      <UniqueIdentifier>{2a788bb6-7af4-4336-8f4f-f9934d177970}</UniqueIdentifier>
    </Filter>
    <Filter Include="98. Default">
      <UniqueIdentifier>{c0f9d35a-8126-446a-a283-ab7441aedd1c}</UniqueIdentifier>
    </Filter>
    <Filter Include="99. Defines">
      <UniqueIdentifier>{9be1c5ab-57ca-4a83-a25b-2e50fd9bce54}</UniqueIdentifier>
    </Filter>
    <Filter Include="97. ThirdParty\00. imGui">
      <UniqueIdentifier>{3ea017b7-eedb-4aff-96b2-25da79998a1c}</UniqueIdentifier>
    </Filter>
    <Filter Include="97. ThirdParty\01. ImGuizmo">
      <UniqueIdentifier>{c57cb905-8de4-4315-9707-4b1a9f0ddba0}</UniqueIdentifier>
    </Filter>
    <Filter Include="00. EditorApp">
      <UniqueIdentifier>{4a6daa90-9755-4eab-94c4-4902dff3e8b0}</UniqueIdentifier>
    </Filter>
    <Filter Include="01. EditInstance">
      <UniqueIdentifier>{5e2a3e60-ff9c-4000-b2e7-5db60fff16a2}</UniqueIdentifier>
    </Filter>
    <Filter Include="03. ImGui_Manager">
      <UniqueIdentifier>{7f0f2e57-24aa-4eea-95a0-4322871d92a3}</UniqueIdentifier>
    </Filter>
    <Filter Include="04. Panels">
      <UniqueIdentifier>{808f94e7-ca64-45c6-8d61-22a501681489}</UniqueIdentifier>
    </Filter>
    <Filter Include="02. Select_Manager">
      <UniqueIdentifier>{27e72977-2063-4785-96d9-13ad06e60bfc}</UniqueIdentifier>
    </Filter>
    <Filter Include="05. Object_Registry">
      <UniqueIdentifier>{b6a75dbe-54a4-4d51-84a9-65c1e5555523}</UniqueIdentifier>
    </Filter>
  </ItemGroup>
  <ItemGroup>
    <ClInclude Include="framework.h">
      <Filter>98. Default</Filter>
    </ClInclude>
    <ClInclude Include="Resource.h">
      <Filter>98. Default</Filter>
    </ClInclude>
    <ClInclude Include="targetver.h">
      <Filter>98. Default</Filter>
    </ClInclude>
    <ClInclude Include="..\Public\Editor_Defines.h">
      <Filter>99. Defines</Filter>
    </ClInclude>
    <ClInclude Include="..\Public\EditorApp.h">
      <Filter>00. EditorApp</Filter>
    </ClInclude>
    <ClInclude Include="..\..\ThirdParty\Imgui\ImGuizmo.h">
      <Filter>97. ThirdParty\01. ImGuizmo</Filter>
    </ClInclude>
    <ClInclude Include="..\..\ThirdParty\imgui\imgui.h">
      <Filter>97. ThirdParty\00. imGui</Filter>
    </ClInclude>
    <ClInclude Include="..\..\ThirdParty\imgui\backends\imgui_impl_dx11.h">
      <Filter>97. ThirdParty\00. imGui</Filter>
    </ClInclude>
    <ClInclude Include="..\..\ThirdParty\imgui\backends\imgui_impl_win32.h">
      <Filter>97. ThirdParty\00. imGui</Filter>
    </ClInclude>
    <ClInclude Include="..\Public\ImGui_Manager.h">
      <Filter>03. ImGui_Manager</Filter>
    </ClInclude>
    <ClInclude Include="..\Public\Panel_Base.h">
      <Filter>04. Panels</Filter>
    </ClInclude>
    <ClInclude Include="..\Public\Panel_MapTool.h">
      <Filter>04. Panels</Filter>
    </ClInclude>
    <ClInclude Include="Editor.h">
      <Filter>98. Default</Filter>
    </ClInclude>
    <ClInclude Include="..\Public\Select_Manager.h">
      <Filter>02. Select_Manager</Filter>
    </ClInclude>
    <ClInclude Include="..\Public\EditInstance.h">
      <Filter>01. EditInstance</Filter>
    </ClInclude>
    <ClInclude Include="..\Public\Object_Registry.h">
      <Filter>05. Object_Registry</Filter>
    </ClInclude>
  </ItemGroup>
  <ItemGroup>
    <Image Include="small.ico">
      <Filter>98. Default</Filter>
    </Image>
    <Image Include="Editor.ico">
      <Filter>98. Default</Filter>
    </Image>
  </ItemGroup>
  <ItemGroup>
    <ClCompile Include="..\Private\EditorApp.cpp">
      <Filter>00. EditorApp</Filter>
    </ClCompile>
    <ClCompile Include="..\..\ThirdParty\Imgui\ImGuizmo.cpp">
      <Filter>97. ThirdParty\01. ImGuizmo</Filter>
    </ClCompile>
    <ClCompile Include="..\..\ThirdParty\imgui\imgui.cpp">
      <Filter>97. ThirdParty\00. imGui</Filter>
    </ClCompile>
    <ClCompile Include="..\..\ThirdParty\imgui\imgui_draw.cpp">
      <Filter>97. ThirdParty\00. imGui</Filter>
    </ClCompile>
    <ClCompile Include="..\..\ThirdParty\imgui\imgui_tables.cpp">
      <Filter>97. ThirdParty\00. imGui</Filter>
    </ClCompile>
    <ClCompile Include="..\..\ThirdParty\imgui\imgui_widgets.cpp">
      <Filter>97. ThirdParty\00. imGui</Filter>
    </ClCompile>
    <ClCompile Include="..\..\ThirdParty\imgui\backends\imgui_impl_dx11.cpp">
      <Filter>97. ThirdParty\00. imGui</Filter>
    </ClCompile>
    <ClCompile Include="..\..\ThirdParty\imgui\backends\imgui_impl_win32.cpp">
      <Filter>97. ThirdParty\00. imGui</Filter>
    </ClCompile>
    <ClCompile Include="..\Private\ImGui_Manager.cpp">
      <Filter>03. ImGui_Manager</Filter>
    </ClCompile>
    <ClCompile Include="..\..\ThirdParty\imgui\imgui_demo.cpp">
      <Filter>97. ThirdParty\00. imGui</Filter>
    </ClCompile>
    <ClCompile Include="..\Private\Panel_Base.cpp">
      <Filter>04. Panels</Filter>
    </ClCompile>
    <ClCompile Include="..\Private\Panel_MapTool.cpp">
      <Filter>04. Panels</Filter>
    </ClCompile>
    <ClCompile Include="Editor.cpp">
      <Filter>98. Default</Filter>
    </ClCompile>
    <ClCompile Include="..\Private\Select_Manager.cpp">
      <Filter>02. Select_Manager</Filter>
    </ClCompile>
    <ClCompile Include="..\Private\EditInstance.cpp">
      <Filter>01. EditInstance</Filter>
    </ClCompile>
    <ClCompile Include="..\Private\Object_Registry.cpp">
      <Filter>05. Object_Registry</Filter>
    </ClCompile>
  </ItemGroup>
  <ItemGroup>
    <ResourceCompile Include="Editor.rc">
      <Filter>98. Default</Filter>
    </ResourceCompile>
  </ItemGroup>
</Project>