<?xml version="1.0" encoding="utf-8"?>
<Project ToolsVersion="4.0" xmlns="http://schemas.microsoft.com/developer/msbuild/2003">
  <ItemGroup>
    <Filter Include="99. Defines">
      <UniqueIdentifier>{0d31ee09-db18-4d58-9886-4b6e6813eaa2}</UniqueIdentifier>
    </Filter>
    <Filter Include="98. ShaderFiles">
      <UniqueIdentifier>{cb6d5137-4fc5-4e40-9c5e-2a8eae55d5ea}</UniqueIdentifier>
    </Filter>
    <Filter Include="00. Levels">
      <UniqueIdentifier>{798bdda6-d648-4492-b951-776b592ccff7}</UniqueIdentifier>
    </Filter>
    <Filter Include="01. Environment">
      <UniqueIdentifier>{2ff14eb7-25dd-4762-b3cb-6d4ce4df7f87}</UniqueIdentifier>
    </Filter>
    <Filter Include="02. GameActor">
      <UniqueIdentifier>{d772649f-03b1-4208-a21e-800813a55c9b}</UniqueIdentifier>
    </Filter>
    <Filter Include="02. GameActor\00. Player">
      <UniqueIdentifier>{d2f9b2d2-ad30-4e2c-834e-dcdbb8518f13}</UniqueIdentifier>
    </Filter>
    <Filter Include="00. Levels\00. Loading">
      <UniqueIdentifier>{205b1acc-cebf-4559-8130-4f9e02979b07}</UniqueIdentifier>
    </Filter>
    <Filter Include="00. Levels\01. Logo">
      <UniqueIdentifier>{fd463d1a-a634-4065-ba6b-42fa67af8b38}</UniqueIdentifier>
    </Filter>
    <Filter Include="00. Levels\02. GamePlay">
      <UniqueIdentifier>{86f8bf21-e9a4-41c4-9202-a4ca4450888d}</UniqueIdentifier>
    </Filter>
    <Filter Include="97. Game_API">
      <UniqueIdentifier>{564c7465-cb9d-4b18-9180-4375805faed6}</UniqueIdentifier>
    </Filter>
    <Filter Include="80. Study">
      <UniqueIdentifier>{2167fda7-f196-44e9-b60b-39aea4afdf71}</UniqueIdentifier>
    </Filter>
    <Filter Include="80. Study\00. BackGround">
      <UniqueIdentifier>{c67e43a1-9b2c-4f9e-b84a-d6c2ddf9fa3e}</UniqueIdentifier>
    </Filter>
    <Filter Include="80. Study\02. Monster">
      <UniqueIdentifier>{b50c0748-6208-4528-99ee-2a9933a6e431}</UniqueIdentifier>
    </Filter>
    <Filter Include="80. Study\01. Terrain">
      <UniqueIdentifier>{8610b10c-0c5b-4a79-b56f-f772a3914509}</UniqueIdentifier>
    </Filter>
    <Filter Include="02. GameActor\01. Pokemon">
      <UniqueIdentifier>{ec2004a2-41ec-4d18-9d9d-95af020f02d9}</UniqueIdentifier>
    </Filter>
    <Filter Include="03. GameLogic">
      <UniqueIdentifier>{98b84ec7-65a0-49bf-bbbf-8339e7443031}</UniqueIdentifier>
    </Filter>
    <Filter Include="03. GameLogic\00. Move">
      <UniqueIdentifier>{8c408519-5991-41e3-9ac4-7472a2857829}</UniqueIdentifier>
    </Filter>
    <Filter Include="03. GameLogic\01. Ability">
      <UniqueIdentifier>{30c1c900-668d-4e89-a118-52c27fd12500}</UniqueIdentifier>
    </Filter>
    <Filter Include="01. Environment\00. Camera">
      <UniqueIdentifier>{2019e1f5-e2bf-4370-93e1-99488c316b3a}</UniqueIdentifier>
    </Filter>
    <Filter Include="01. Environment\00. Camera\Free">
      <UniqueIdentifier>{3a92af31-b970-45ac-b5a7-df0ae05e449f}</UniqueIdentifier>
    </Filter>
  </ItemGroup>
  <ItemGroup>
    <ClInclude Include="..\Public\Game_PKM_Defines.h">
      <Filter>99. Defines</Filter>
    </ClInclude>
    <ClInclude Include="..\Public\Player.h">
      <Filter>02. GameActor\00. Player</Filter>
    </ClInclude>
    <ClInclude Include="..\Public\BackGround.h">
      <Filter>80. Study\00. BackGround</Filter>
    </ClInclude>
    <ClInclude Include="..\Public\Terrain.h">
      <Filter>80. Study\01. Terrain</Filter>
    </ClInclude>
    <ClInclude Include="..\Public\Level_GamePlay.h">
      <Filter>00. Levels\02. GamePlay</Filter>
    </ClInclude>
    <ClInclude Include="..\Public\Level_Loading.h">
      <Filter>00. Levels\00. Loading</Filter>
    </ClInclude>
    <ClInclude Include="..\Public\Loader.h">
      <Filter>00. Levels\00. Loading</Filter>
    </ClInclude>
    <ClInclude Include="..\Public\Level_Logo.h">
      <Filter>00. Levels\01. Logo</Filter>
    </ClInclude>
    <ClInclude Include="..\Public\Game_API.h">
      <Filter>97. Game_API</Filter>
    </ClInclude>
    <ClInclude Include="..\Public\Camera_Free.h">
      <Filter>01. Environment\00. Camera\Free</Filter>
    </ClInclude>
    <ClInclude Include="..\Public\Monster.h">
      <Filter>80. Study\02. Monster</Filter>
    </ClInclude>
    <ClInclude Include="..\Public\Game_PKM_Tags.h">
      <Filter>99. Defines</Filter>
    </ClInclude>
    <ClInclude Include="..\Public\Pokemon.h">
      <Filter>02. GameActor\01. Pokemon</Filter>
    </ClInclude>
    <ClInclude Include="..\Public\Move.h">
      <Filter>03. GameLogic\00. Move</Filter>
    </ClInclude>
    <ClInclude Include="..\Public\Ability.h">
      <Filter>03. GameLogic\01. Ability</Filter>
    </ClInclude>
    <ClInclude Include="..\Public\Game_PKM_Types.h">
      <Filter>99. Defines</Filter>
    </ClInclude>
    <ClInclude Include="..\Public\ForkLift.h">
      <Filter>80. Study\02. Monster</Filter>
    </ClInclude>
    <ClInclude Include="..\Public\Body_Player.h">
      <Filter>02. GameActor\00. Player</Filter>
    </ClInclude>
  </ItemGroup>
  <ItemGroup>
    <ClCompile Include="..\Private\Player.cpp">
      <Filter>02. GameActor\00. Player</Filter>
    </ClCompile>
    <ClCompile Include="..\Private\BackGround.cpp">
      <Filter>80. Study\00. BackGround</Filter>
    </ClCompile>
    <ClCompile Include="..\Private\Terrain.cpp">
      <Filter>80. Study\01. Terrain</Filter>
    </ClCompile>
    <ClCompile Include="..\Private\Level_GamePlay.cpp">
      <Filter>00. Levels\02. GamePlay</Filter>
    </ClCompile>
    <ClCompile Include="..\Private\Level_Loading.cpp">
      <Filter>00. Levels\00. Loading</Filter>
    </ClCompile>
    <ClCompile Include="..\Private\Loader.cpp">
      <Filter>00. Levels\00. Loading</Filter>
    </ClCompile>
    <ClCompile Include="..\Private\Level_Logo.cpp">
      <Filter>00. Levels\01. Logo</Filter>
    </ClCompile>
    <ClCompile Include="..\Private\Game_API.cpp">
      <Filter>97. Game_API</Filter>
    </ClCompile>
    <ClCompile Include="..\Private\Camera_Free.cpp">
      <Filter>01. Environment\00. Camera\Free</Filter>
    </ClCompile>
    <ClCompile Include="..\Private\Monster.cpp">
      <Filter>80. Study\02. Monster</Filter>
    </ClCompile>
    <ClCompile Include="..\Private\Pokemon.cpp">
      <Filter>02. GameActor\01. Pokemon</Filter>
    </ClCompile>
    <ClCompile Include="..\Private\Move.cpp">
      <Filter>03. GameLogic\00. Move</Filter>
    </ClCompile>
    <ClCompile Include="..\Private\Ability.cpp">
      <Filter>03. GameLogic\01. Ability</Filter>
    </ClCompile>
    <ClCompile Include="..\Private\ForkLift.cpp">
      <Filter>80. Study\02. Monster</Filter>
    </ClCompile>
    <ClCompile Include="..\Private\Body_Player.cpp">
      <Filter>02. GameActor\00. Player</Filter>
    </ClCompile>
  </ItemGroup>
  <ItemGroup>
    <FxCompile Include="..\ShaderFiles\Shader_VtxTex.hlsl">
      <Filter>98. ShaderFiles</Filter>
    </FxCompile>
    <FxCompile Include="..\ShaderFiles\Shader_VtxNorTex.hlsl">
      <Filter>98. ShaderFiles</Filter>
    </FxCompile>
    <FxCompile Include="..\ShaderFiles\Shader_VtxMesh.hlsl">
      <Filter>98. ShaderFiles</Filter>
    </FxCompile>
    <FxCompile Include="..\ShaderFiles\Shader_VtxAnimMesh.hlsl">
      <Filter>98. ShaderFiles</Filter>
    </FxCompile>
  </ItemGroup>
</Project>