<?xml version="1.0" encoding="utf-8"?>
<Project ToolsVersion="4.0" xmlns="http://schemas.microsoft.com/developer/msbuild/2003">
  <ItemGroup>
    <Filter Include="00. ToolApp">
      <UniqueIdentifier>{4a6daa90-9755-4eab-94c4-4902dff3e8b0}</UniqueIdentifier>
    </Filter>
    <Filter Include="97. ThirdParty">
      <UniqueIdentifier>{2a788bb6-7af4-4336-8f4f-f9934d177970}</UniqueIdentifier>
    </Filter>
    <Filter Include="98. Default">
      <UniqueIdentifier>{c0f9d35a-8126-446a-a283-ab7441aedd1c}</UniqueIdentifier>
    </Filter>
    <Filter Include="99. Defines">
      <UniqueIdentifier>{9be1c5ab-57ca-4a83-a25b-2e50fd9bce54}</UniqueIdentifier>
    </Filter>
    <Filter Include="97. ThirdParty\00. imGui">
      <UniqueIdentifier>{3ea017b7-eedb-4aff-96b2-25da79998a1c}</UniqueIdentifier>
    </Filter>
    <Filter Include="97. ThirdParty\01. ImGuizmo">
      <UniqueIdentifier>{c57cb905-8de4-4315-9707-4b1a9f0ddba0}</UniqueIdentifier>
    </Filter>
    <Filter Include="01. ImGui_Manager">
      <UniqueIdentifier>{7f0f2e57-24aa-4eea-95a0-4322871d92a3}</UniqueIdentifier>
    </Filter>
    <Filter Include="02. Levels">
      <UniqueIdentifier>{cf4071d6-3de6-4f7b-8363-3ad40309fa43}</UniqueIdentifier>
    </Filter>
    <Filter Include="02. Levels\Loader">
      <UniqueIdentifier>{4c336e61-0417-47b7-8b6f-3dab5d7d54e6}</UniqueIdentifier>
    </Filter>
  </ItemGroup>
  <ItemGroup>
    <ClInclude Include="framework.h">
      <Filter>98. Default</Filter>
    </ClInclude>
    <ClInclude Include="Resource.h">
      <Filter>98. Default</Filter>
    </ClInclude>
    <ClInclude Include="targetver.h">
      <Filter>98. Default</Filter>
    </ClInclude>
    <ClInclude Include="Tool.h">
      <Filter>98. Default</Filter>
    </ClInclude>
    <ClInclude Include="..\Public\Tool_Defines.h">
      <Filter>99. Defines</Filter>
    </ClInclude>
    <ClInclude Include="..\Public\ToolApp.h">
      <Filter>00. ToolApp</Filter>
    </ClInclude>
    <ClInclude Include="..\..\ThirdParty\Imgui\ImGuizmo.h">
      <Filter>97. ThirdParty\01. ImGuizmo</Filter>
    </ClInclude>
    <ClInclude Include="..\..\ThirdParty\imgui\imgui.h">
      <Filter>97. ThirdParty\00. imGui</Filter>
    </ClInclude>
    <ClInclude Include="..\..\ThirdParty\imgui\backends\imgui_impl_dx11.h">
      <Filter>97. ThirdParty\00. imGui</Filter>
    </ClInclude>
    <ClInclude Include="..\..\ThirdParty\imgui\backends\imgui_impl_win32.h">
      <Filter>97. ThirdParty\00. imGui</Filter>
    </ClInclude>
    <ClInclude Include="..\Public\Level_EditPlay.h">
      <Filter>02. Levels</Filter>
    </ClInclude>
    <ClInclude Include="..\Public\Level_EditLoading.h">
      <Filter>02. Levels</Filter>
    </ClInclude>
    <ClInclude Include="..\Public\Level_EditLogo.h">
      <Filter>02. Levels</Filter>
    </ClInclude>
    <ClInclude Include="..\Public\EditLoader.h">
      <Filter>02. Levels\Loader</Filter>
    </ClInclude>
    <ClInclude Include="..\Public\ImGui_Manager.h">
      <Filter>01. ImGui_Manager</Filter>
    </ClInclude>
  </ItemGroup>
  <ItemGroup>
    <Image Include="small.ico">
      <Filter>98. Default</Filter>
    </Image>
    <Image Include="Tool.ico">
      <Filter>98. Default</Filter>
    </Image>
  </ItemGroup>
  <ItemGroup>
    <ResourceCompile Include="Tool.rc">
      <Filter>98. Default</Filter>
    </ResourceCompile>
  </ItemGroup>
  <ItemGroup>
    <ClCompile Include="Tool.cpp">
      <Filter>98. Default</Filter>
    </ClCompile>
    <ClCompile Include="..\Private\ToolApp.cpp">
      <Filter>00. ToolApp</Filter>
    </ClCompile>
    <ClCompile Include="..\..\ThirdParty\Imgui\ImGuizmo.cpp">
      <Filter>97. ThirdParty\01. ImGuizmo</Filter>
    </ClCompile>
    <ClCompile Include="..\..\ThirdParty\imgui\imgui.cpp">
      <Filter>97. ThirdParty\00. imGui</Filter>
    </ClCompile>
    <ClCompile Include="..\..\ThirdParty\imgui\imgui_draw.cpp">
      <Filter>97. ThirdParty\00. imGui</Filter>
    </ClCompile>
    <ClCompile Include="..\..\ThirdParty\imgui\imgui_tables.cpp">
      <Filter>97. ThirdParty\00. imGui</Filter>
    </ClCompile>
    <ClCompile Include="..\..\ThirdParty\imgui\imgui_widgets.cpp">
      <Filter>97. ThirdParty\00. imGui</Filter>
    </ClCompile>
    <ClCompile Include="..\..\ThirdParty\imgui\backends\imgui_impl_dx11.cpp">
      <Filter>97. ThirdParty\00. imGui</Filter>
    </ClCompile>
    <ClCompile Include="..\..\ThirdParty\imgui\backends\imgui_impl_win32.cpp">
      <Filter>97. ThirdParty\00. imGui</Filter>
    </ClCompile>
    <ClCompile Include="..\Private\ImGui_Manager.cpp">
      <Filter>01. ImGui_Manager</Filter>
    </ClCompile>
    <ClCompile Include="..\..\ThirdParty\imgui\imgui_demo.cpp">
      <Filter>97. ThirdParty\00. imGui</Filter>
    </ClCompile>
    <ClCompile Include="..\Private\Level_EditPlay.cpp">
      <Filter>02. Levels</Filter>
    </ClCompile>
    <ClCompile Include="..\Private\Level_EditLoading.cpp">
      <Filter>02. Levels</Filter>
    </ClCompile>
    <ClCompile Include="..\Private\Level_EditLogo.cpp">
      <Filter>02. Levels</Filter>
    </ClCompile>
    <ClCompile Include="..\Private\EditLoader.cpp">
      <Filter>02. Levels\Loader</Filter>
    </ClCompile>
  </ItemGroup>
</Project>