<?xml version="1.0" encoding="utf-8"?>
<Project ToolsVersion="4.0" xmlns="http://schemas.microsoft.com/developer/msbuild/2003">
  <ItemGroup>
    <Filter Include="00. GameInstance">
      <UniqueIdentifier>{dfc5a0ef-001d-4213-971a-91c97a4830b1}</UniqueIdentifier>
    </Filter>
    <Filter Include="01. Device">
      <UniqueIdentifier>{0f6957c8-e780-440a-afcf-2c25a89ed9f8}</UniqueIdentifier>
    </Filter>
    <Filter Include="02. Timers">
      <UniqueIdentifier>{ec13b709-e201-4e8d-a89b-94b8d9fbd85e}</UniqueIdentifier>
    </Filter>
    <Filter Include="01. Device\Graphic">
      <UniqueIdentifier>{f9fcfb20-5a4a-4528-8915-51ed655e83ad}</UniqueIdentifier>
    </Filter>
    <Filter Include="01. Device\Input">
      <UniqueIdentifier>{7bad3a1a-fab6-4a60-9712-f0e6fdab5d5a}</UniqueIdentifier>
    </Filter>
    <Filter Include="03. Level">
      <UniqueIdentifier>{6800354b-e769-48c5-858e-0db1059b07f6}</UniqueIdentifier>
    </Filter>
    <Filter Include="04. Prototype">
      <UniqueIdentifier>{5025f3a5-26e3-479c-a786-0d04b32b5e0d}</UniqueIdentifier>
    </Filter>
    <Filter Include="05. GameObject">
      <UniqueIdentifier>{f71c2da9-a606-47ed-b5b6-13b0098b48de}</UniqueIdentifier>
    </Filter>
    <Filter Include="06. Renderer">
      <UniqueIdentifier>{6f8190c4-27a5-4e39-80c2-33c14a2047ff}</UniqueIdentifier>
    </Filter>
    <Filter Include="98. SuperClass">
      <UniqueIdentifier>{6767f122-6c3b-49f8-be80-25e3a0736316}</UniqueIdentifier>
    </Filter>
    <Filter Include="07. Component">
      <UniqueIdentifier>{a5419727-5835-4f12-8478-49eb208d048e}</UniqueIdentifier>
    </Filter>
    <Filter Include="07. Component\Transform">
      <UniqueIdentifier>{de209e97-8631-4306-be40-67fccdcecb7e}</UniqueIdentifier>
    </Filter>
    <Filter Include="07. Component\VIBuffer">
      <UniqueIdentifier>{36983db3-4e52-47e8-b7ba-4d9ea71e0314}</UniqueIdentifier>
    </Filter>
    <Filter Include="07. Component\VIBuffer\Rect">
      <UniqueIdentifier>{115d6a9b-8587-411f-b693-158d6c032fad}</UniqueIdentifier>
    </Filter>
    <Filter Include="07. Component\VIBuffer\Terrain">
      <UniqueIdentifier>{12c761f9-0fd6-4389-8e6b-a6a8a6637878}</UniqueIdentifier>
    </Filter>
    <Filter Include="07. Component\VIBuffer\Cube">
      <UniqueIdentifier>{71a99488-e5f9-448f-873b-f8c49a3e158c}</UniqueIdentifier>
    </Filter>
    <Filter Include="07. Component\VIBuffer\Model">
      <UniqueIdentifier>{342dae11-30e7-4b61-825d-49336956ae1c}</UniqueIdentifier>
    </Filter>
    <Filter Include="07. Component\Shader">
      <UniqueIdentifier>{47b1699d-ae02-4687-a990-e2c998d6f236}</UniqueIdentifier>
    </Filter>
    <Filter Include="07. Component\Texture">
      <UniqueIdentifier>{87ea0cd0-37c5-4343-9a04-36ab6b07f006}</UniqueIdentifier>
    </Filter>
    <Filter Include="05. GameObject\Manager">
      <UniqueIdentifier>{19d2eb37-dc5c-47c7-b133-30dc0e5bfea7}</UniqueIdentifier>
    </Filter>
    <Filter Include="05. GameObject\UIObject">
      <UniqueIdentifier>{1330a16f-9bae-4e9b-8634-ebddb3437cf4}</UniqueIdentifier>
    </Filter>
    <Filter Include="05. GameObject\Camera">
      <UniqueIdentifier>{21b6e2af-0c4a-4d01-aee3-966515b87f8b}</UniqueIdentifier>
    </Filter>
    <Filter Include="80. PhysX">
      <UniqueIdentifier>{e8a675eb-ba38-4b54-907d-f785a5720c5c}</UniqueIdentifier>
    </Filter>
    <Filter Include="08. PipeLine">
      <UniqueIdentifier>{1fda01cf-534e-46dc-a1aa-e9ad6751a10f}</UniqueIdentifier>
    </Filter>
    <Filter Include="09. Light">
      <UniqueIdentifier>{35554806-2e45-476b-a94e-febb3fb0ce26}</UniqueIdentifier>
    </Filter>
    <Filter Include="05. GameObject\ContainerObject">
      <UniqueIdentifier>{014aabd6-de5a-4121-93ad-79c029b4d64f}</UniqueIdentifier>
    </Filter>
    <Filter Include="97. ShaderFiles">
      <UniqueIdentifier>{18a67bbb-0a80-4cd1-8a2c-f3df69eceb30}</UniqueIdentifier>
    </Filter>
    <Filter Include="10. Font">
      <UniqueIdentifier>{5334b7a5-7f6c-4079-b0b7-bc6830e576ad}</UniqueIdentifier>
    </Filter>
    <Filter Include="07. Component\Navigation">
      <UniqueIdentifier>{b127afd0-722a-4797-88d2-caa270c01654}</UniqueIdentifier>
    </Filter>
    <Filter Include="07. Component\Model">
      <UniqueIdentifier>{fe267372-dc6f-42a5-a9c2-190216338a3f}</UniqueIdentifier>
    </Filter>
    <Filter Include="07. Component\VIBuffer\Cell">
      <UniqueIdentifier>{8e30216c-21ea-4010-8e7a-423372826468}</UniqueIdentifier>
    </Filter>
    <Filter Include="07. Component\Collider">
      <UniqueIdentifier>{c4350a6e-cf86-4d72-b79f-d0a4f9451b61}</UniqueIdentifier>
    </Filter>
    <Filter Include="07. Component\Collider\Bounding">
      <UniqueIdentifier>{3c51e65e-ef37-4f52-9304-2f5d1bf8a9b5}</UniqueIdentifier>
    </Filter>
    <Filter Include="05. GameObject\UIObject\01. Image">
      <UniqueIdentifier>{2cae2d0e-bcb0-4a15-aeca-f8832ef99ceb}</UniqueIdentifier>
    </Filter>
    <Filter Include="05. GameObject\UIObject\00. Container">
      <UniqueIdentifier>{024452c7-e141-461d-a1ac-707961634894}</UniqueIdentifier>
    </Filter>
    <Filter Include="05. GameObject\UIObject\02. Text">
      <UniqueIdentifier>{9aa958d4-cc6c-4de0-b620-8065ffe35791}</UniqueIdentifier>
    </Filter>
    <Filter Include="05. GameObject\UIObject\03. Button">
      <UniqueIdentifier>{a65230d1-8180-4498-8e8f-7d2fd7c153bc}</UniqueIdentifier>
    </Filter>
    <Filter Include="05. GameObject\UIObject\04. ProgressBar">
      <UniqueIdentifier>{2cd6a07f-61e2-4bd3-95f3-ae58966160c7}</UniqueIdentifier>
    </Filter>
    <Filter Include="05. GameObject\UIObject\99. Tween">
      <UniqueIdentifier>{91719731-bc7d-488d-9d1f-ff169571f254}</UniqueIdentifier>
    </Filter>
    <Filter Include="07. Component\UIAnimator">
      <UniqueIdentifier>{1687a60c-8a1d-4ce3-9d2a-b99da95702e2}</UniqueIdentifier>
    </Filter>
    <Filter Include="99. Defines">
      <UniqueIdentifier>{e7229af7-7022-43a2-815d-a47a3d9f6eb9}</UniqueIdentifier>
    </Filter>
    <Filter Include="07. Component\VIBuffer\Instance">
      <UniqueIdentifier>{9214c758-223b-4b52-b560-17307bbf3fc9}</UniqueIdentifier>
    </Filter>
    <Filter Include="07. Component\VIBuffer\Instance\Point">
      <UniqueIdentifier>{7aaca4c4-a059-4c2c-819e-97c6d99a1428}</UniqueIdentifier>
    </Filter>
    <Filter Include="07. Component\VIBuffer\Instance\Rect">
      <UniqueIdentifier>{24b8091d-dab0-4714-9202-6f5a1cbaa297}</UniqueIdentifier>
    </Filter>
    <Filter Include="07. Component\VIBuffer\Instance\Model">
      <UniqueIdentifier>{a8ee257a-f747-4377-a084-906c8e25836f}</UniqueIdentifier>
    </Filter>
    <Filter Include="11. RenderTargets">
      <UniqueIdentifier>{0e99d385-8887-40ba-a3b9-2428c4282278}</UniqueIdentifier>
    </Filter>
  </ItemGroup>
  <ItemGroup>
    <ClInclude Include="..\Public\Base.h">
      <Filter>98. SuperClass</Filter>
    </ClInclude>
    <ClInclude Include="..\Public\Engine_Defines.h">
      <Filter>99. Defines</Filter>
    </ClInclude>
    <ClInclude Include="..\Public\Engine_Enum.h">
      <Filter>99. Defines</Filter>
    </ClInclude>
    <ClInclude Include="..\Public\Engine_Function.h">
      <Filter>99. Defines</Filter>
    </ClInclude>
    <ClInclude Include="..\Public\Engine_Macro.h">
      <Filter>99. Defines</Filter>
    </ClInclude>
    <ClInclude Include="..\Public\Engine_Struct.h">
      <Filter>99. Defines</Filter>
    </ClInclude>
    <ClInclude Include="..\Public\Engine_Typedef.h">
      <Filter>99. Defines</Filter>
    </ClInclude>
    <ClInclude Include="..\Public\GameInstance.h">
      <Filter>00. GameInstance</Filter>
    </ClInclude>
    <ClInclude Include="..\Public\Timer_Manager.h">
      <Filter>02. Timers</Filter>
    </ClInclude>
    <ClInclude Include="..\Public\Timer.h">
      <Filter>02. Timers</Filter>
    </ClInclude>
    <ClInclude Include="..\Public\Graphic_Device.h">
      <Filter>01. Device\Graphic</Filter>
    </ClInclude>
    <ClInclude Include="..\Public\Level.h">
      <Filter>03. Level</Filter>
    </ClInclude>
    <ClInclude Include="..\Public\Level_Manager.h">
      <Filter>03. Level</Filter>
    </ClInclude>
    <ClInclude Include="..\Public\GameObject.h">
      <Filter>05. GameObject</Filter>
    </ClInclude>
    <ClInclude Include="..\Public\Prototype_Manager.h">
      <Filter>04. Prototype</Filter>
    </ClInclude>
    <ClInclude Include="..\Public\Renderer.h">
      <Filter>06. Renderer</Filter>
    </ClInclude>
    <ClInclude Include="..\Public\Component.h">
      <Filter>07. Component</Filter>
    </ClInclude>
    <ClInclude Include="..\Public\Transform.h">
      <Filter>07. Component\Transform</Filter>
    </ClInclude>
    <ClInclude Include="..\Public\VIBuffer.h">
      <Filter>07. Component\VIBuffer</Filter>
    </ClInclude>
    <ClInclude Include="..\Public\VIBuffer_Rect.h">
      <Filter>07. Component\VIBuffer\Rect</Filter>
    </ClInclude>
    <ClInclude Include="..\Public\Shader.h">
      <Filter>07. Component\Shader</Filter>
    </ClInclude>
    <ClInclude Include="..\Public\Texture.h">
      <Filter>07. Component\Texture</Filter>
    </ClInclude>
    <ClInclude Include="..\Public\VIBuffer_Terrain.h">
      <Filter>07. Component\VIBuffer\Terrain</Filter>
    </ClInclude>
    <ClInclude Include="..\Public\UIObject.h">
      <Filter>05. GameObject\UIObject</Filter>
    </ClInclude>
    <ClInclude Include="..\Public\Object_Manager.h">
      <Filter>05. GameObject\Manager</Filter>
    </ClInclude>
    <ClInclude Include="..\Public\Layer.h">
      <Filter>05. GameObject\Manager</Filter>
    </ClInclude>
    <ClInclude Include="..\Public\Camera.h">
      <Filter>05. GameObject\Camera</Filter>
    </ClInclude>
    <ClInclude Include="..\Public\PhysX_Manager.h">
      <Filter>80. PhysX</Filter>
    </ClInclude>
    <ClInclude Include="..\Public\PipeLine.h">
      <Filter>08. PipeLine</Filter>
    </ClInclude>
    <ClInclude Include="..\Public\Input_Device.h">
      <Filter>01. Device\Input</Filter>
    </ClInclude>
    <ClInclude Include="..\Public\Light_Manager.h">
      <Filter>09. Light</Filter>
    </ClInclude>
    <ClInclude Include="..\Public\Light.h">
      <Filter>09. Light</Filter>
    </ClInclude>
    <ClInclude Include="..\Public\Model.h">
      <Filter>07. Component\Model</Filter>
    </ClInclude>
    <ClInclude Include="..\Public\Mesh.h">
      <Filter>07. Component\Model</Filter>
    </ClInclude>
    <ClInclude Include="..\Public\Engine_WName.h">
      <Filter>99. Defines</Filter>
    </ClInclude>
    <ClInclude Include="..\Public\Material.h">
      <Filter>07. Component\Model</Filter>
    </ClInclude>
    <ClInclude Include="..\Public\Bone.h">
      <Filter>07. Component\Model</Filter>
    </ClInclude>
    <ClInclude Include="..\Public\Channel.h">
      <Filter>07. Component\Model</Filter>
    </ClInclude>
    <ClInclude Include="..\Public\Animation.h">
      <Filter>07. Component\Model</Filter>
    </ClInclude>
    <ClInclude Include="..\Public\ContainerObject.h">
      <Filter>05. GameObject\ContainerObject</Filter>
    </ClInclude>
    <ClInclude Include="..\Public\PartObject.h">
      <Filter>05. GameObject\ContainerObject</Filter>
    </ClInclude>
    <ClInclude Include="..\Public\VIBuffer_Cube.h">
      <Filter>07. Component\VIBuffer\Cube</Filter>
    </ClInclude>
    <ClInclude Include="..\Public\CustomFont.h">
      <Filter>10. Font</Filter>
    </ClInclude>
    <ClInclude Include="..\Public\Font_Manager.h">
      <Filter>10. Font</Filter>
    </ClInclude>
    <ClInclude Include="..\Public\Navigation.h">
      <Filter>07. Component\Navigation</Filter>
    </ClInclude>
    <ClInclude Include="..\Public\Cell.h">
      <Filter>07. Component\Navigation</Filter>
    </ClInclude>
    <ClInclude Include="..\Public\VIBuffer_Cell.h">
      <Filter>07. Component\VIBuffer\Cell</Filter>
    </ClInclude>
    <ClInclude Include="..\Public\Collider.h">
      <Filter>07. Component\Collider</Filter>
    </ClInclude>
    <ClInclude Include="..\Public\Bounding.h">
      <Filter>07. Component\Collider\Bounding</Filter>
    </ClInclude>
    <ClInclude Include="..\Public\Bounding_AABB.h">
      <Filter>07. Component\Collider\Bounding</Filter>
    </ClInclude>
    <ClInclude Include="..\Public\DebugDraw.h">
      <Filter>07. Component\Collider</Filter>
    </ClInclude>
    <ClInclude Include="..\Public\Bounding_OBB.h">
      <Filter>07. Component\Collider\Bounding</Filter>
    </ClInclude>
    <ClInclude Include="..\Public\Bounding_Sphere.h">
      <Filter>07. Component\Collider\Bounding</Filter>
    </ClInclude>
    <ClInclude Include="..\Public\UIContainer.h">
      <Filter>05. GameObject\UIObject\00. Container</Filter>
    </ClInclude>
    <ClInclude Include="..\Public\UIImage.h">
      <Filter>05. GameObject\UIObject\01. Image</Filter>
    </ClInclude>
    <ClInclude Include="..\Public\UIText.h">
      <Filter>05. GameObject\UIObject\02. Text</Filter>
    </ClInclude>
    <ClInclude Include="..\Public\UIProgressBar.h">
      <Filter>05. GameObject\UIObject\04. ProgressBar</Filter>
    </ClInclude>
    <ClInclude Include="..\Public\UIButton.h">
      <Filter>05. GameObject\UIObject\03. Button</Filter>
    </ClInclude>
    <ClInclude Include="..\Public\Engine_Tags.h">
      <Filter>99. Defines</Filter>
    </ClInclude>
    <ClInclude Include="..\Public\UITween.h">
      <Filter>05. GameObject\UIObject\99. Tween</Filter>
    </ClInclude>
    <ClInclude Include="..\Public\UIAnimator.h">
      <Filter>07. Component\UIAnimator</Filter>
    </ClInclude>
    <ClInclude Include="..\Public\UISequence.h">
      <Filter>05. GameObject\UIObject\00. Container</Filter>
    </ClInclude>
    <ClInclude Include="..\Public\VIBuffer_Instance.h">
      <Filter>07. Component\VIBuffer\Instance</Filter>
    </ClInclude>
    <ClInclude Include="..\Public\VIBuffer_Rect_Instance.h">
      <Filter>07. Component\VIBuffer\Instance\Rect</Filter>
    </ClInclude>
    <ClInclude Include="..\Public\VIBuffer_Point_Instance.h">
      <Filter>07. Component\VIBuffer\Instance\Point</Filter>
    </ClInclude>
    <ClInclude Include="..\Public\Engine_UI.h">
      <Filter>99. Defines</Filter>
    </ClInclude>
    <ClInclude Include="..\Public\Target_Manager.h">
      <Filter>11. RenderTargets</Filter>
    </ClInclude>
    <ClInclude Include="..\Public\RenderTarget.h">
      <Filter>11. RenderTargets</Filter>
    </ClInclude>
  </ItemGroup>
  <ItemGroup>
    <ClCompile Include="..\Private\Base.cpp">
      <Filter>98. SuperClass</Filter>
    </ClCompile>
    <ClCompile Include="..\Private\GameInstance.cpp">
      <Filter>00. GameInstance</Filter>
    </ClCompile>
    <ClCompile Include="..\Private\Timer.cpp">
      <Filter>02. Timers</Filter>
    </ClCompile>
    <ClCompile Include="..\Private\Timer_Manager.cpp">
      <Filter>02. Timers</Filter>
    </ClCompile>
    <ClCompile Include="..\Private\Graphic_Device.cpp">
      <Filter>01. Device\Graphic</Filter>
    </ClCompile>
    <ClCompile Include="..\Private\Level.cpp">
      <Filter>03. Level</Filter>
    </ClCompile>
    <ClCompile Include="..\Private\Level_Manager.cpp">
      <Filter>03. Level</Filter>
    </ClCompile>
    <ClCompile Include="..\Private\GameObject.cpp">
      <Filter>05. GameObject</Filter>
    </ClCompile>
    <ClCompile Include="..\Private\Prototype_Manager.cpp">
      <Filter>04. Prototype</Filter>
    </ClCompile>
    <ClCompile Include="..\Private\Renderer.cpp">
      <Filter>06. Renderer</Filter>
    </ClCompile>
    <ClCompile Include="..\Private\Component.cpp">
      <Filter>07. Component</Filter>
    </ClCompile>
    <ClCompile Include="..\Private\Transform.cpp">
      <Filter>07. Component\Transform</Filter>
    </ClCompile>
    <ClCompile Include="..\Private\VIBuffer.cpp">
      <Filter>07. Component\VIBuffer</Filter>
    </ClCompile>
    <ClCompile Include="..\Private\VIBuffer_Rect.cpp">
      <Filter>07. Component\VIBuffer\Rect</Filter>
    </ClCompile>
    <ClCompile Include="..\Private\Shader.cpp">
      <Filter>07. Component\Shader</Filter>
    </ClCompile>
    <ClCompile Include="..\Private\Texture.cpp">
      <Filter>07. Component\Texture</Filter>
    </ClCompile>
    <ClCompile Include="..\Private\VIBuffer_Terrain.cpp">
      <Filter>07. Component\VIBuffer\Terrain</Filter>
    </ClCompile>
    <ClCompile Include="..\Private\UIObject.cpp">
      <Filter>05. GameObject\UIObject</Filter>
    </ClCompile>
    <ClCompile Include="..\Private\Layer.cpp">
      <Filter>05. GameObject\Manager</Filter>
    </ClCompile>
    <ClCompile Include="..\Private\Object_Manager.cpp">
      <Filter>05. GameObject\Manager</Filter>
    </ClCompile>
    <ClCompile Include="..\Private\Camera.cpp">
      <Filter>05. GameObject\Camera</Filter>
    </ClCompile>
    <ClCompile Include="..\Private\PhysX_Manager.cpp">
      <Filter>80. PhysX</Filter>
    </ClCompile>
    <ClCompile Include="..\Private\PipeLine.cpp">
      <Filter>08. PipeLine</Filter>
    </ClCompile>
    <ClCompile Include="..\Private\Input_Device.cpp">
      <Filter>01. Device\Input</Filter>
    </ClCompile>
    <ClCompile Include="..\Private\Light.cpp">
      <Filter>09. Light</Filter>
    </ClCompile>
    <ClCompile Include="..\Private\Light_Manager.cpp">
      <Filter>09. Light</Filter>
    </ClCompile>
    <ClCompile Include="..\Private\Model.cpp">
      <Filter>07. Component\Model</Filter>
    </ClCompile>
    <ClCompile Include="..\Private\Mesh.cpp">
      <Filter>07. Component\Model</Filter>
    </ClCompile>
    <ClCompile Include="..\Private\Material.cpp">
      <Filter>07. Component\Model</Filter>
    </ClCompile>
    <ClCompile Include="..\Private\Bone.cpp">
      <Filter>07. Component\Model</Filter>
    </ClCompile>
    <ClCompile Include="..\Private\Animation.cpp">
      <Filter>07. Component\Model</Filter>
    </ClCompile>
    <ClCompile Include="..\Private\Channel.cpp">
      <Filter>07. Component\Model</Filter>
    </ClCompile>
    <ClCompile Include="..\Private\ContainerObject.cpp">
      <Filter>05. GameObject\ContainerObject</Filter>
    </ClCompile>
    <ClCompile Include="..\Private\PartObject.cpp">
      <Filter>05. GameObject\ContainerObject</Filter>
    </ClCompile>
    <ClCompile Include="..\Private\VIBuffer_Cube.cpp">
      <Filter>07. Component\VIBuffer\Cube</Filter>
    </ClCompile>
    <ClCompile Include="..\Private\CustomFont.cpp">
      <Filter>10. Font</Filter>
    </ClCompile>
    <ClCompile Include="..\Private\Font_Manager.cpp">
      <Filter>10. Font</Filter>
    </ClCompile>
    <ClCompile Include="..\Private\Navigation.cpp">
      <Filter>07. Component\Navigation</Filter>
    </ClCompile>
    <ClCompile Include="..\Private\Cell.cpp">
      <Filter>07. Component\Navigation</Filter>
    </ClCompile>
    <ClCompile Include="..\Private\VIBuffer_Cell.cpp">
      <Filter>07. Component\VIBuffer\Cell</Filter>
    </ClCompile>
    <ClCompile Include="..\Private\Collider.cpp">
      <Filter>07. Component\Collider</Filter>
    </ClCompile>
    <ClCompile Include="..\Private\Bounding.cpp">
      <Filter>07. Component\Collider\Bounding</Filter>
    </ClCompile>
    <ClCompile Include="..\Private\Bounding_AABB.cpp">
      <Filter>07. Component\Collider\Bounding</Filter>
    </ClCompile>
    <ClCompile Include="..\Private\DebugDraw.cpp">
      <Filter>07. Component\Collider</Filter>
    </ClCompile>
    <ClCompile Include="..\Private\Bounding_Sphere.cpp">
      <Filter>07. Component\Collider\Bounding</Filter>
    </ClCompile>
    <ClCompile Include="..\Private\Bounding_OBB.cpp">
      <Filter>07. Component\Collider\Bounding</Filter>
    </ClCompile>
    <ClCompile Include="..\Private\UIContainer.cpp">
      <Filter>05. GameObject\UIObject\00. Container</Filter>
    </ClCompile>
    <ClCompile Include="..\Private\UIImage.cpp">
      <Filter>05. GameObject\UIObject\01. Image</Filter>
    </ClCompile>
    <ClCompile Include="..\Private\UIButton.cpp">
      <Filter>05. GameObject\UIObject\03. Button</Filter>
    </ClCompile>
    <ClCompile Include="..\Private\UIText.cpp">
      <Filter>05. GameObject\UIObject\02. Text</Filter>
    </ClCompile>
    <ClCompile Include="..\Private\UIProgressBar.cpp">
      <Filter>05. GameObject\UIObject\04. ProgressBar</Filter>
    </ClCompile>
    <ClCompile Include="..\Private\UITween.cpp">
      <Filter>05. GameObject\UIObject\99. Tween</Filter>
    </ClCompile>
    <ClCompile Include="..\Private\UIAnimator.cpp">
      <Filter>07. Component\UIAnimator</Filter>
    </ClCompile>
    <ClCompile Include="..\Private\UISequence.cpp">
      <Filter>05. GameObject\UIObject\00. Container</Filter>
    </ClCompile>
    <ClCompile Include="..\Private\VIBuffer_Instance.cpp">
      <Filter>07. Component\VIBuffer\Instance</Filter>
    </ClCompile>
    <ClCompile Include="..\Private\VIBuffer_Rect_Instance.cpp">
      <Filter>07. Component\VIBuffer\Instance\Rect</Filter>
    </ClCompile>
    <ClCompile Include="..\Private\VIBuffer_Point_Instance.cpp">
      <Filter>07. Component\VIBuffer\Instance\Point</Filter>
    </ClCompile>
    <ClCompile Include="..\Private\Target_Manager.cpp">
      <Filter>11. RenderTargets</Filter>
    </ClCompile>
    <ClCompile Include="..\Private\RenderTarget.cpp">
      <Filter>11. RenderTargets</Filter>
    </ClCompile>
  </ItemGroup>
  <ItemGroup>
    <None Include="..\ShaderFiles\Engine_Shader_Defines.hlsli">
      <Filter>97. ShaderFiles</Filter>
    </None>
  </ItemGroup>
  <ItemGroup>
    <FxCompile Include="..\ShaderFiles\Shader_Cell.hlsl">
      <Filter>97. ShaderFiles</Filter>
    </FxCompile>
  </ItemGroup>
</Project>