<?xml version="1.0" encoding="utf-8"?>
<Project ToolsVersion="4.0" xmlns="http://schemas.microsoft.com/developer/msbuild/2003">
  <ItemGroup>
    <Filter Include="00. GameInstance">
      <UniqueIdentifier>{dfc5a0ef-001d-4213-971a-91c97a4830b1}</UniqueIdentifier>
    </Filter>
    <Filter Include="01. Device">
      <UniqueIdentifier>{0f6957c8-e780-440a-afcf-2c25a89ed9f8}</UniqueIdentifier>
    </Filter>
    <Filter Include="99. Defines">
      <UniqueIdentifier>{e7229af7-7022-43a2-815d-a47a3d9f6eb9}</UniqueIdentifier>
    </Filter>
    <Filter Include="02. Timers">
      <UniqueIdentifier>{ec13b709-e201-4e8d-a89b-94b8d9fbd85e}</UniqueIdentifier>
    </Filter>
    <Filter Include="01. Device\Graphic">
      <UniqueIdentifier>{f9fcfb20-5a4a-4528-8915-51ed655e83ad}</UniqueIdentifier>
    </Filter>
    <Filter Include="01. Device\Input">
      <UniqueIdentifier>{7bad3a1a-fab6-4a60-9712-f0e6fdab5d5a}</UniqueIdentifier>
    </Filter>
    <Filter Include="03. Level">
      <UniqueIdentifier>{6800354b-e769-48c5-858e-0db1059b07f6}</UniqueIdentifier>
    </Filter>
    <Filter Include="04. Prototype">
      <UniqueIdentifier>{5025f3a5-26e3-479c-a786-0d04b32b5e0d}</UniqueIdentifier>
    </Filter>
    <Filter Include="05. GameObject">
      <UniqueIdentifier>{f71c2da9-a606-47ed-b5b6-13b0098b48de}</UniqueIdentifier>
    </Filter>
    <Filter Include="06. Renderer">
      <UniqueIdentifier>{6f8190c4-27a5-4e39-80c2-33c14a2047ff}</UniqueIdentifier>
    </Filter>
    <Filter Include="98. SuperClass">
      <UniqueIdentifier>{6767f122-6c3b-49f8-be80-25e3a0736316}</UniqueIdentifier>
    </Filter>
    <Filter Include="07. Component">
      <UniqueIdentifier>{a5419727-5835-4f12-8478-49eb208d048e}</UniqueIdentifier>
    </Filter>
    <Filter Include="07. Component\Transform">
      <UniqueIdentifier>{de209e97-8631-4306-be40-67fccdcecb7e}</UniqueIdentifier>
    </Filter>
    <Filter Include="07. Component\VIBuffer">
      <UniqueIdentifier>{36983db3-4e52-47e8-b7ba-4d9ea71e0314}</UniqueIdentifier>
    </Filter>
    <Filter Include="07. Component\VIBuffer\Rect">
      <UniqueIdentifier>{115d6a9b-8587-411f-b693-158d6c032fad}</UniqueIdentifier>
    </Filter>
    <Filter Include="07. Component\VIBuffer\Terrain">
      <UniqueIdentifier>{12c761f9-0fd6-4389-8e6b-a6a8a6637878}</UniqueIdentifier>
    </Filter>
    <Filter Include="07. Component\VIBuffer\Cube">
      <UniqueIdentifier>{71a99488-e5f9-448f-873b-f8c49a3e158c}</UniqueIdentifier>
    </Filter>
    <Filter Include="07. Component\VIBuffer\Model">
      <UniqueIdentifier>{342dae11-30e7-4b61-825d-49336956ae1c}</UniqueIdentifier>
    </Filter>
    <Filter Include="07. Component\Shader">
      <UniqueIdentifier>{47b1699d-ae02-4687-a990-e2c998d6f236}</UniqueIdentifier>
    </Filter>
    <Filter Include="07. Component\Texture">
      <UniqueIdentifier>{87ea0cd0-37c5-4343-9a04-36ab6b07f006}</UniqueIdentifier>
    </Filter>
  </ItemGroup>
  <ItemGroup>
    <ClInclude Include="..\Public\Base.h">
      <Filter>98. SuperClass</Filter>
    </ClInclude>
    <ClInclude Include="..\Public\Engine_Defines.h">
      <Filter>99. Defines</Filter>
    </ClInclude>
    <ClInclude Include="..\Public\Engine_Enum.h">
      <Filter>99. Defines</Filter>
    </ClInclude>
    <ClInclude Include="..\Public\Engine_Function.h">
      <Filter>99. Defines</Filter>
    </ClInclude>
    <ClInclude Include="..\Public\Engine_Macro.h">
      <Filter>99. Defines</Filter>
    </ClInclude>
    <ClInclude Include="..\Public\Engine_Struct.h">
      <Filter>99. Defines</Filter>
    </ClInclude>
    <ClInclude Include="..\Public\Engine_Typedef.h">
      <Filter>99. Defines</Filter>
    </ClInclude>
    <ClInclude Include="..\Public\GameInstance.h">
      <Filter>00. GameInstance</Filter>
    </ClInclude>
    <ClInclude Include="..\Public\Timer_Manager.h">
      <Filter>02. Timers</Filter>
    </ClInclude>
    <ClInclude Include="..\Public\Timer.h">
      <Filter>02. Timers</Filter>
    </ClInclude>
    <ClInclude Include="..\Public\Graphic_Device.h">
      <Filter>01. Device\Graphic</Filter>
    </ClInclude>
    <ClInclude Include="..\Public\Level.h">
      <Filter>03. Level</Filter>
    </ClInclude>
    <ClInclude Include="..\Public\Level_Manager.h">
      <Filter>03. Level</Filter>
    </ClInclude>
    <ClInclude Include="..\Public\GameObject.h">
      <Filter>05. GameObject</Filter>
    </ClInclude>
    <ClInclude Include="..\Public\Prototype_Manager.h">
      <Filter>04. Prototype</Filter>
    </ClInclude>
    <ClInclude Include="..\Public\Object_Manager.h">
      <Filter>05. GameObject</Filter>
    </ClInclude>
    <ClInclude Include="..\Public\Layer.h">
      <Filter>05. GameObject</Filter>
    </ClInclude>
    <ClInclude Include="..\Public\Renderer.h">
      <Filter>06. Renderer</Filter>
    </ClInclude>
    <ClInclude Include="..\Public\Component.h">
      <Filter>07. Component</Filter>
    </ClInclude>
    <ClInclude Include="..\Public\Transform.h">
      <Filter>07. Component\Transform</Filter>
    </ClInclude>
    <ClInclude Include="..\Public\VIBuffer.h">
      <Filter>07. Component\VIBuffer</Filter>
    </ClInclude>
    <ClInclude Include="..\Public\VIBuffer_Rect.h">
      <Filter>07. Component\VIBuffer\Rect</Filter>
    </ClInclude>
    <ClInclude Include="..\Public\Shader.h">
      <Filter>07. Component\Shader</Filter>
    </ClInclude>
    <ClInclude Include="..\Public\Texture.h">
      <Filter>07. Component\Texture</Filter>
    </ClInclude>
    <ClInclude Include="..\Public\UIObject.h">
      <Filter>05. GameObject</Filter>
    </ClInclude>
  </ItemGroup>
  <ItemGroup>
    <ClCompile Include="..\Private\Base.cpp">
      <Filter>98. SuperClass</Filter>
    </ClCompile>
    <ClCompile Include="..\Private\GameInstance.cpp">
      <Filter>00. GameInstance</Filter>
    </ClCompile>
    <ClCompile Include="..\Private\Timer.cpp">
      <Filter>02. Timers</Filter>
    </ClCompile>
    <ClCompile Include="..\Private\Timer_Manager.cpp">
      <Filter>02. Timers</Filter>
    </ClCompile>
    <ClCompile Include="..\Private\Graphic_Device.cpp">
      <Filter>01. Device\Graphic</Filter>
    </ClCompile>
    <ClCompile Include="..\Private\Level.cpp">
      <Filter>03. Level</Filter>
    </ClCompile>
    <ClCompile Include="..\Private\Level_Manager.cpp">
      <Filter>03. Level</Filter>
    </ClCompile>
    <ClCompile Include="..\Private\GameObject.cpp">
      <Filter>05. GameObject</Filter>
    </ClCompile>
    <ClCompile Include="..\Private\Prototype_Manager.cpp">
      <Filter>04. Prototype</Filter>
    </ClCompile>
    <ClCompile Include="..\Private\Object_Manager.cpp">
      <Filter>05. GameObject</Filter>
    </ClCompile>
    <ClCompile Include="..\Private\Layer.cpp">
      <Filter>05. GameObject</Filter>
    </ClCompile>
    <ClCompile Include="..\Private\Renderer.cpp">
      <Filter>06. Renderer</Filter>
    </ClCompile>
    <ClCompile Include="..\Private\Component.cpp">
      <Filter>07. Component</Filter>
    </ClCompile>
    <ClCompile Include="..\Private\Transform.cpp">
      <Filter>07. Component\Transform</Filter>
    </ClCompile>
    <ClCompile Include="..\Private\VIBuffer.cpp">
      <Filter>07. Component\VIBuffer</Filter>
    </ClCompile>
    <ClCompile Include="..\Private\VIBuffer_Rect.cpp">
      <Filter>07. Component\VIBuffer\Rect</Filter>
    </ClCompile>
    <ClCompile Include="..\Private\Shader.cpp">
      <Filter>07. Component\Shader</Filter>
    </ClCompile>
    <ClCompile Include="..\Private\Texture.cpp">
      <Filter>07. Component\Texture</Filter>
    </ClCompile>
    <ClCompile Include="..\Private\UIObject.cpp">
      <Filter>05. GameObject</Filter>
    </ClCompile>
  </ItemGroup>
</Project>